
Microsoft Visual Studio Solution File, Format Version 12.00
# Visual Studio 15
VisualStudioVersion = 15.0.28307.168
MinimumVisualStudioVersion = 10.0.40219.1
Project("{FAE04EC0-301F-11D3-BF4B-00C04F79EFBC}") = "MvcAuth", "MvcAuth\MvcAuth.csproj", "{C575BF06-8C7B-4FC7-AFD9-7840B8E511F3}"
EndProject
Global
	GlobalSection(SolutionConfigurationPlatforms) = preSolution
		Debug|Any CPU = Debug|Any CPU
		Release|Any CPU = Release|Any CPU
	EndGlobalSection
	GlobalSection(ProjectConfigurationPlatforms) = postSolution
		{C575BF06-8C7B-4FC7-AFD9-7840B8E511F3}.Debug|Any CPU.ActiveCfg = Debug|Any CPU
		{C575BF06-8C7B-4FC7-AFD9-7840B8E511F3}.Debug|Any CPU.Build.0 = Debug|Any CPU
		{C575BF06-8C7B-4FC7-AFD9-7840B8E511F3}.Release|Any CPU.ActiveCfg = Release|Any CPU
		{C575BF06-8C7B-4FC7-AFD9-7840B8E511F3}.Release|Any CPU.Build.0 = Release|Any CPU
	EndGlobalSection
	GlobalSection(SolutionProperties) = preSolution
		HideSolutionNode = FALSE
	EndGlobalSection
	GlobalSection(ExtensibilityGlobals) = postSolution
		SolutionGuid = {59315906-B42A-425F-A018-88121C921A4D}
	EndGlobalSection
EndGlobal
